
Microsoft Visual Studio Solution File, Format Version 12.00
# Visual Studio Version 16
VisualStudioVersion = 16.0.30320.27
MinimumVisualStudioVersion = 10.0.40219.1
Project("{FAE04EC0-301F-11D3-BF4B-00C04F79EFBC}") = "Mid_SchoolManagementSystem", "Mid_SchoolManagementSystem\Mid_SchoolManagementSystem.csproj", "{419E2AC0-22E0-44CB-9111-300B46C34E89}"
EndProject
Global
	GlobalSection(SolutionConfigurationPlatforms) = preSolution
		Debug|Any CPU = Debug|Any CPU
		Release|Any CPU = Release|Any CPU
	EndGlobalSection
	GlobalSection(ProjectConfigurationPlatforms) = postSolution
		{419E2AC0-22E0-44CB-9111-300B46C34E89}.Debug|Any CPU.ActiveCfg = Debug|Any CPU
		{419E2AC0-22E0-44CB-9111-300B46C34E89}.Debug|Any CPU.Build.0 = Debug|Any CPU
		{419E2AC0-22E0-44CB-9111-300B46C34E89}.Release|Any CPU.ActiveCfg = Release|Any CPU
		{419E2AC0-22E0-44CB-9111-300B46C34E89}.Release|Any CPU.Build.0 = Release|Any CPU
	EndGlobalSection
	GlobalSection(SolutionProperties) = preSolution
		HideSolutionNode = FALSE
	EndGlobalSection
	GlobalSection(ExtensibilityGlobals) = postSolution
		SolutionGuid = {71F5C093-EDEB-445F-9DBB-D3B7D2BC06B0}
	EndGlobalSection
EndGlobal
